
Microsoft Visual Studio Solution File, Format Version 12.00
# Visual Studio Version 16
VisualStudioVersion = 16.0.30523.141
MinimumVisualStudioVersion = 10.0.40219.1
Project("{FAE04EC0-301F-11D3-BF4B-00C04F79EFBC}") = "BackProject", "BackProject.csproj", "{E707700F-87A8-4CD7-AE4E-56971D0C58F1}"
EndProject
Global
	GlobalSection(SolutionConfigurationPlatforms) = preSolution
		Debug|Any CPU = Debug|Any CPU
		Release|Any CPU = Release|Any CPU
	EndGlobalSection
	GlobalSection(ProjectConfigurationPlatforms) = postSolution
		{E707700F-87A8-4CD7-AE4E-56971D0C58F1}.Debug|Any CPU.ActiveCfg = Debug|Any CPU
		{E707700F-87A8-4CD7-AE4E-56971D0C58F1}.Debug|Any CPU.Build.0 = Debug|Any CPU
		{E707700F-87A8-4CD7-AE4E-56971D0C58F1}.Release|Any CPU.ActiveCfg = Release|Any CPU
		{E707700F-87A8-4CD7-AE4E-56971D0C58F1}.Release|Any CPU.Build.0 = Release|Any CPU
	EndGlobalSection
	GlobalSection(SolutionProperties) = preSolution
		HideSolutionNode = FALSE
	EndGlobalSection
	GlobalSection(ExtensibilityGlobals) = postSolution
		SolutionGuid = {CAE414B3-E529-4590-ACD7-D7B4DC23C9F8}
	EndGlobalSection
EndGlobal
